{
  "name": "elise-client",
  "version": "1.0.0",
  "lockfileVersion": 1,
  "requires": true,
  "dependencies": {
    "elise-graphics": {
      "version": "1.0.5",
      "resolved": "https://registry.npmjs.org/elise-graphics/-/elise-graphics-1.0.5.tgz",
      "integrity": "sha512-I8uVvcOMRuTvVQTsIoqvbS2RFkX6lqI9JEMif2LRf7ksjg3TE3NKiLil9sMcqet8UQlG+vcZVq6nsLPCjKjveQ=="
    }
  }
}
